lockfileVersion: '9.0'

settings:
  autoInstallPeers: true
  excludeLinksFromLockfile: false

importers:

  .:
    dependencies:
      js-cookie:
        specifier: ^3.0.5
        version: 3.0.5
      prop-types:
        specifier: ^15.8.1
        version: 15.8.1
      react-cookie:
        specifier: ^8.0.1
        version: 8.0.1(@types/react@19.2.4)(react@19.2.0)
      react-stripe-checkout:
        specifier: ^2.6.3
        version: 2.6.3

packages:

  '@types/hoist-non-react-statics@3.3.7':
    resolution: {integrity: sha512-PQTyIulDkIDro8P+IHbKCsw7U2xxBYflVzW/FgWdCAePD9xGSidgA76/GeJ6lBKoblyhf9pBY763gbrN+1dI8g==}
    peerDependencies:
      '@types/react': '*'

  '@types/react@19.2.4':
    resolution: {integrity: sha512-tBFxBp9Nfyy5rsmefN+WXc1JeW/j2BpBHFdLZbEVfs9wn3E3NRFxwV0pJg8M1qQAexFpvz73hJXFofV0ZAu92A==}

  cookie@1.0.2:
    resolution: {integrity: sha512-9Kr/j4O16ISv8zBBhJoi4bXOYNTkFLOqSL3UDB0njXxCXNezjeyVrJyGOWtgfs/q2km1gwBcfH8q1yEGoMYunA==}
    engines: {node: '>=18'}

  csstype@3.1.3:
    resolution: {integrity: sha512-M1uQkMl8rQK/szD0LNhtqxIPLpimGm8sOBwU7lLnCpSbTyY3yeU1Vc7l4KT5zT4s/yOxHH5O7tIuuLOCnLADRw==}

  hoist-non-react-statics@3.3.2:
    resolution: {integrity: sha512-/gGivxi8JPKWNm/W0jSmzcMPpfpPLc3dY/6GxhX2hQ9iGj3aDfklV4ET7NjKpSinLpJ5vafa9iiGIEZg10SfBw==}

  js-cookie@3.0.5:
    resolution: {integrity: sha512-cEiJEAEoIbWfCZYKWhVwFuvPX1gETRYPw6LlaTKoxD3s2AkXzkCjnp6h0V77ozyqj0jakteJ4YqDJT830+lVGw==}
    engines: {node: '>=14'}

  js-tokens@4.0.0:
    resolution: {integrity: sha512-RdJUflcE3cUzKiMqQgsCu06FPu9UdIJO0beYbPhHN4k6apgJtifcoCtT9bcxOpYBtpD2kCM6Sbzg4CausW/PKQ==}

  loose-envify@1.4.0:
    resolution: {integrity: sha512-lyuxPGr/Wfhrlem2CL/UcnUc1zcqKAImBDzukY7Y5F/yQiNdko6+fRLevlw1HgMySw7f611UIY408EtxRSoK3Q==}
    hasBin: true

  object-assign@4.1.1:
    resolution: {integrity: sha512-rJgTQnkUnH1sFw8yT6VSU3zD3sWmu6sZhIseY8VX+GRu3P6F7Fu+JNDoXfklElbLJSnc3FUQHVe4cU5hj+BcUg==}
    engines: {node: '>=0.10.0'}

  prop-types@15.8.1:
    resolution: {integrity: sha512-oj87CgZICdulUohogVAR7AjlC0327U4el4L6eAvOqCeudMDVU0NThNaV+b9Df4dXgSP1gXMTnPdhfe/2qDH5cg==}

  react-cookie@8.0.1:
    resolution: {integrity: sha512-QNdAd0MLuAiDiLcDU/2s/eyKmmfMHtjPUKJ2dZ/5CcQ9QKUium4B3o61/haq6PQl/YWFqC5PO8GvxeHKhy3GFA==}
    peerDependencies:
      react: '>= 16.3.0'

  react-is@16.13.1:
    resolution: {integrity: sha512-24e6ynE2H+OKt4kqsOvNd8kBpV65zoxbA4BVsEOB3ARVWQki/DHzaUoC5KuON/BiccDaCCTZBuOcfZs70kR8bQ==}

  react-stripe-checkout@2.6.3:
    resolution: {integrity: sha512-lnsCaAdlmwPGGMbQoI8FXtQUgEm+ktzPZ/ipAw4j0HYf80kef7CivGx6QitmgEn99/aa5hI/dmVXwfVZW/Mzfg==}

  react@19.2.0:
    resolution: {integrity: sha512-tmbWg6W31tQLeB5cdIBOicJDJRR2KzXsV7uSK9iNfLWQ5bIZfxuPEHp7M8wiHyHnn0DD1i7w3Zmin0FtkrwoCQ==}
    engines: {node: '>=0.10.0'}

  universal-cookie@8.0.1:
    resolution: {integrity: sha512-B6ks9FLLnP1UbPPcveOidfvB9pHjP+wekP2uRYB9YDfKVpvcjKgy1W5Zj+cEXJ9KTPnqOKGfVDQBmn8/YCQfRg==}

snapshots:

  '@types/hoist-non-react-statics@3.3.7(@types/react@19.2.4)':
    dependencies:
      '@types/react': 19.2.4
      hoist-non-react-statics: 3.3.2

  '@types/react@19.2.4':
    dependencies:
      csstype: 3.1.3

  cookie@1.0.2: {}

  csstype@3.1.3: {}

  hoist-non-react-statics@3.3.2:
    dependencies:
      react-is: 16.13.1

  js-cookie@3.0.5: {}

  js-tokens@4.0.0: {}

  loose-envify@1.4.0:
    dependencies:
      js-tokens: 4.0.0

  object-assign@4.1.1: {}

  prop-types@15.8.1:
    dependencies:
      loose-envify: 1.4.0
      object-assign: 4.1.1
      react-is: 16.13.1

  react-cookie@8.0.1(@types/react@19.2.4)(react@19.2.0):
    dependencies:
      '@types/hoist-non-react-statics': 3.3.7(@types/react@19.2.4)
      hoist-non-react-statics: 3.3.2
      react: 19.2.0
      universal-cookie: 8.0.1
    transitivePeerDependencies:
      - '@types/react'

  react-is@16.13.1: {}

  react-stripe-checkout@2.6.3: {}

  react@19.2.0: {}

  universal-cookie@8.0.1:
    dependencies:
      cookie: 1.0.2
